
Microsoft Visual Studio Solution File, Format Version 12.00
# Visual Studio Version 16
VisualStudioVersion = 16.0.31624.102
MinimumVisualStudioVersion = 10.0.40219.1
Project("{FAE04EC0-301F-11D3-BF4B-00C04F79EFBC}") = "Tarea2LaboratorioAplicada", "Tarea2LaboratorioAplicada.csproj", "{CBA6B926-E3DF-42C0-A288-64A0EF875DF5}"
EndProject
Global
	GlobalSection(SolutionConfigurationPlatforms) = preSolution
		Debug|Any CPU = Debug|Any CPU
		Release|Any CPU = Release|Any CPU
	EndGlobalSection
	GlobalSection(ProjectConfigurationPlatforms) = postSolution
		{CBA6B926-E3DF-42C0-A288-64A0EF875DF5}.Debug|Any CPU.ActiveCfg = Debug|Any CPU
		{CBA6B926-E3DF-42C0-A288-64A0EF875DF5}.Debug|Any CPU.Build.0 = Debug|Any CPU
		{CBA6B926-E3DF-42C0-A288-64A0EF875DF5}.Release|Any CPU.ActiveCfg = Release|Any CPU
		{CBA6B926-E3DF-42C0-A288-64A0EF875DF5}.Release|Any CPU.Build.0 = Release|Any CPU
	EndGlobalSection
	GlobalSection(SolutionProperties) = preSolution
		HideSolutionNode = FALSE
	EndGlobalSection
	GlobalSection(ExtensibilityGlobals) = postSolution
		SolutionGuid = {567075CF-8527-4624-A662-9736A32D5CD4}
	EndGlobalSection
EndGlobal
